
Microsoft Visual Studio Solution File, Format Version 12.00
# Visual Studio Version 17
VisualStudioVersion = 17.2.32630.192
MinimumVisualStudioVersion = 10.0.40219.1
Project("{FAE04EC0-301F-11D3-BF4B-00C04F79EFBC}") = "Evaluation_Q2", "Evaluation_Q2.csproj", "{0DDB2355-04DA-4EAE-A500-98441200915F}"
EndProject
Global
	GlobalSection(SolutionConfigurationPlatforms) = preSolution
		Debug|Any CPU = Debug|Any CPU
		Release|Any CPU = Release|Any CPU
	EndGlobalSection
	GlobalSection(ProjectConfigurationPlatforms) = postSolution
		{0DDB2355-04DA-4EAE-A500-98441200915F}.Debug|Any CPU.ActiveCfg = Debug|Any CPU
		{0DDB2355-04DA-4EAE-A500-98441200915F}.Debug|Any CPU.Build.0 = Debug|Any CPU
		{0DDB2355-04DA-4EAE-A500-98441200915F}.Release|Any CPU.ActiveCfg = Release|Any CPU
		{0DDB2355-04DA-4EAE-A500-98441200915F}.Release|Any CPU.Build.0 = Release|Any CPU
	EndGlobalSection
	GlobalSection(SolutionProperties) = preSolution
		HideSolutionNode = FALSE
	EndGlobalSection
	GlobalSection(ExtensibilityGlobals) = postSolution
		SolutionGuid = {20986982-1553-4FBC-9190-5F3A11111915}
	EndGlobalSection
EndGlobal
