
Microsoft Visual Studio Solution File, Format Version 12.00
# Visual Studio Version 17
VisualStudioVersion = 17.2.32630.192
MinimumVisualStudioVersion = 10.0.40219.1
Project("{FAE04EC0-301F-11D3-BF4B-00C04F79EFBC}") = "Evaluation_Q4", "Evaluation_Q4.csproj", "{22453483-7448-49AF-9C51-3FB71037D4B3}"
EndProject
Global
	GlobalSection(SolutionConfigurationPlatforms) = preSolution
		Debug|Any CPU = Debug|Any CPU
		Release|Any CPU = Release|Any CPU
	EndGlobalSection
	GlobalSection(ProjectConfigurationPlatforms) = postSolution
		{22453483-7448-49AF-9C51-3FB71037D4B3}.Debug|Any CPU.ActiveCfg = Debug|Any CPU
		{22453483-7448-49AF-9C51-3FB71037D4B3}.Debug|Any CPU.Build.0 = Debug|Any CPU
		{22453483-7448-49AF-9C51-3FB71037D4B3}.Release|Any CPU.ActiveCfg = Release|Any CPU
		{22453483-7448-49AF-9C51-3FB71037D4B3}.Release|Any CPU.Build.0 = Release|Any CPU
	EndGlobalSection
	GlobalSection(SolutionProperties) = preSolution
		HideSolutionNode = FALSE
	EndGlobalSection
	GlobalSection(ExtensibilityGlobals) = postSolution
		SolutionGuid = {08986BF0-BA63-4D4A-849B-586FF5DE903C}
	EndGlobalSection
EndGlobal
