
Microsoft Visual Studio Solution File, Format Version 12.00
# Visual Studio Version 17
VisualStudioVersion = 17.2.32630.192
MinimumVisualStudioVersion = 10.0.40219.1
Project("{FAE04EC0-301F-11D3-BF4B-00C04F79EFBC}") = "Evaluation_Q9", "Evaluation_Q9.csproj", "{D5CCF57B-DE49-42E9-85B4-1CF7139CF23F}"
EndProject
Global
	GlobalSection(SolutionConfigurationPlatforms) = preSolution
		Debug|Any CPU = Debug|Any CPU
		Release|Any CPU = Release|Any CPU
	EndGlobalSection
	GlobalSection(ProjectConfigurationPlatforms) = postSolution
		{D5CCF57B-DE49-42E9-85B4-1CF7139CF23F}.Debug|Any CPU.ActiveCfg = Debug|Any CPU
		{D5CCF57B-DE49-42E9-85B4-1CF7139CF23F}.Debug|Any CPU.Build.0 = Debug|Any CPU
		{D5CCF57B-DE49-42E9-85B4-1CF7139CF23F}.Release|Any CPU.ActiveCfg = Release|Any CPU
		{D5CCF57B-DE49-42E9-85B4-1CF7139CF23F}.Release|Any CPU.Build.0 = Release|Any CPU
	EndGlobalSection
	GlobalSection(SolutionProperties) = preSolution
		HideSolutionNode = FALSE
	EndGlobalSection
	GlobalSection(ExtensibilityGlobals) = postSolution
		SolutionGuid = {91C14272-B063-42DD-8835-B196DE14F174}
	EndGlobalSection
EndGlobal
