
Microsoft Visual Studio Solution File, Format Version 12.00
# Visual Studio Version 17
VisualStudioVersion = 17.2.32630.192
MinimumVisualStudioVersion = 10.0.40219.1
Project("{FAE04EC0-301F-11D3-BF4B-00C04F79EFBC}") = "Evaluation_Q8", "Evaluation_Q8.csproj", "{B5369E08-69F7-4C0C-B7D4-E591441BBD94}"
EndProject
Global
	GlobalSection(SolutionConfigurationPlatforms) = preSolution
		Debug|Any CPU = Debug|Any CPU
		Release|Any CPU = Release|Any CPU
	EndGlobalSection
	GlobalSection(ProjectConfigurationPlatforms) = postSolution
		{B5369E08-69F7-4C0C-B7D4-E591441BBD94}.Debug|Any CPU.ActiveCfg = Debug|Any CPU
		{B5369E08-69F7-4C0C-B7D4-E591441BBD94}.Debug|Any CPU.Build.0 = Debug|Any CPU
		{B5369E08-69F7-4C0C-B7D4-E591441BBD94}.Release|Any CPU.ActiveCfg = Release|Any CPU
		{B5369E08-69F7-4C0C-B7D4-E591441BBD94}.Release|Any CPU.Build.0 = Release|Any CPU
	EndGlobalSection
	GlobalSection(SolutionProperties) = preSolution
		HideSolutionNode = FALSE
	EndGlobalSection
	GlobalSection(ExtensibilityGlobals) = postSolution
		SolutionGuid = {2D653FB6-F99F-4C62-AF28-E8E311849620}
	EndGlobalSection
EndGlobal
