
Microsoft Visual Studio Solution File, Format Version 12.00
# Visual Studio Version 17
VisualStudioVersion = 17.2.32630.192
MinimumVisualStudioVersion = 10.0.40219.1
Project("{FAE04EC0-301F-11D3-BF4B-00C04F79EFBC}") = "Evaluation_Q3", "Evaluation_Q3.csproj", "{99286639-1F39-43AD-BB1C-1363740CE0C2}"
EndProject
Global
	GlobalSection(SolutionConfigurationPlatforms) = preSolution
		Debug|Any CPU = Debug|Any CPU
		Release|Any CPU = Release|Any CPU
	EndGlobalSection
	GlobalSection(ProjectConfigurationPlatforms) = postSolution
		{99286639-1F39-43AD-BB1C-1363740CE0C2}.Debug|Any CPU.ActiveCfg = Debug|Any CPU
		{99286639-1F39-43AD-BB1C-1363740CE0C2}.Debug|Any CPU.Build.0 = Debug|Any CPU
		{99286639-1F39-43AD-BB1C-1363740CE0C2}.Release|Any CPU.ActiveCfg = Release|Any CPU
		{99286639-1F39-43AD-BB1C-1363740CE0C2}.Release|Any CPU.Build.0 = Release|Any CPU
	EndGlobalSection
	GlobalSection(SolutionProperties) = preSolution
		HideSolutionNode = FALSE
	EndGlobalSection
	GlobalSection(ExtensibilityGlobals) = postSolution
		SolutionGuid = {C758DCE7-3876-4DEC-B88B-62E7642A8F32}
	EndGlobalSection
EndGlobal
